
Microsoft Visual Studio Solution File, Format Version 12.00
# Visual Studio 15
VisualStudioVersion = 15.0.27428.2002
MinimumVisualStudioVersion = 10.0.40219.1
Project("{FAE04EC0-301F-11D3-BF4B-00C04F79EFBC}") = "Rodent.V2", "Rodent.V2\Rodent.V2.csproj", "{3A315051-CC62-4992-A593-7E17239912A6}"
EndProject
Project("{FAE04EC0-301F-11D3-BF4B-00C04F79EFBC}") = "RXG100", "RXG100\RXG100.csproj", "{3F5A7BE2-C196-4112-9A9E-674A4BFD56F0}"
EndProject
Project("{FAE04EC0-301F-11D3-BF4B-00C04F79EFBC}") = "SmashMaster", "SmashMaster\SmashMaster.csproj", "{749DE27C-5597-40AD-9E28-BFCA5F4CB77F}"
EndProject
Project("{FAE04EC0-301F-11D3-BF4B-00C04F79EFBC}") = "MrFuzz", "MrFuzz\MrFuzz.csproj", "{53563B0C-FFF1-4DD4-8D0B-1AA41B63096A}"
EndProject
Project("{FAE04EC0-301F-11D3-BF4B-00C04F79EFBC}") = "AudioLib", "..\AudioLib\AudioLib\AudioLib.csproj", "{4905489D-6F81-4129-8780-744CED5B3269}"
EndProject
Project("{FAE04EC0-301F-11D3-BF4B-00C04F79EFBC}") = "MidiScript", "MidiScript\MidiScript.csproj", "{10A17B82-D793-453D-A0AA-6A08085C1884}"
EndProject
Project("{FAE04EC0-301F-11D3-BF4B-00C04F79EFBC}") = "LowProfile.Core", "..\..\Libraries\LowProfile.Common\LowProfile.Core\LowProfile.Core.csproj", "{6F6A3FB4-5E5F-4076-B91A-F8C7FE84E37C}"
EndProject
Project("{2150E333-8FDC-42A3-9474-1A3956D46DE8}") = "Solution Items", "Solution Items", "{A7326D25-DBA1-42D2-87B8-4D1CCE17A048}"
EndProject
Global
	GlobalSection(SolutionConfigurationPlatforms) = preSolution
		Debug|Any CPU = Debug|Any CPU
		Release|Any CPU = Release|Any CPU
	EndGlobalSection
	GlobalSection(ProjectConfigurationPlatforms) = postSolution
		{3A315051-CC62-4992-A593-7E17239912A6}.Debug|Any CPU.ActiveCfg = Debug|Any CPU
		{3A315051-CC62-4992-A593-7E17239912A6}.Debug|Any CPU.Build.0 = Debug|Any CPU
		{3A315051-CC62-4992-A593-7E17239912A6}.Release|Any CPU.ActiveCfg = Release|Any CPU
		{3A315051-CC62-4992-A593-7E17239912A6}.Release|Any CPU.Build.0 = Release|Any CPU
		{3F5A7BE2-C196-4112-9A9E-674A4BFD56F0}.Debug|Any CPU.ActiveCfg = Debug|Any CPU
		{3F5A7BE2-C196-4112-9A9E-674A4BFD56F0}.Debug|Any CPU.Build.0 = Debug|Any CPU
		{3F5A7BE2-C196-4112-9A9E-674A4BFD56F0}.Release|Any CPU.ActiveCfg = Release|Any CPU
		{3F5A7BE2-C196-4112-9A9E-674A4BFD56F0}.Release|Any CPU.Build.0 = Release|Any CPU
		{749DE27C-5597-40AD-9E28-BFCA5F4CB77F}.Debug|Any CPU.ActiveCfg = Debug|Any CPU
		{749DE27C-5597-40AD-9E28-BFCA5F4CB77F}.Debug|Any CPU.Build.0 = Debug|Any CPU
		{749DE27C-5597-40AD-9E28-BFCA5F4CB77F}.Release|Any CPU.ActiveCfg = Release|Any CPU
		{749DE27C-5597-40AD-9E28-BFCA5F4CB77F}.Release|Any CPU.Build.0 = Release|Any CPU
		{53563B0C-FFF1-4DD4-8D0B-1AA41B63096A}.Debug|Any CPU.ActiveCfg = Debug|Any CPU
		{53563B0C-FFF1-4DD4-8D0B-1AA41B63096A}.Debug|Any CPU.Build.0 = Debug|Any CPU
		{53563B0C-FFF1-4DD4-8D0B-1AA41B63096A}.Release|Any CPU.ActiveCfg = Release|Any CPU
		{53563B0C-FFF1-4DD4-8D0B-1AA41B63096A}.Release|Any CPU.Build.0 = Release|Any CPU
		{4905489D-6F81-4129-8780-744CED5B3269}.Debug|Any CPU.ActiveCfg = Debug|Any CPU
		{4905489D-6F81-4129-8780-744CED5B3269}.Debug|Any CPU.Build.0 = Debug|Any CPU
		{4905489D-6F81-4129-8780-744CED5B3269}.Release|Any CPU.ActiveCfg = Release|Any CPU
		{4905489D-6F81-4129-8780-744CED5B3269}.Release|Any CPU.Build.0 = Release|Any CPU
		{10A17B82-D793-453D-A0AA-6A08085C1884}.Debug|Any CPU.ActiveCfg = Debug|Any CPU
		{10A17B82-D793-453D-A0AA-6A08085C1884}.Debug|Any CPU.Build.0 = Debug|Any CPU
		{10A17B82-D793-453D-A0AA-6A08085C1884}.Release|Any CPU.ActiveCfg = Release|Any CPU
		{10A17B82-D793-453D-A0AA-6A08085C1884}.Release|Any CPU.Build.0 = Release|Any CPU
		{6F6A3FB4-5E5F-4076-B91A-F8C7FE84E37C}.Debug|Any CPU.ActiveCfg = Debug|Any CPU
		{6F6A3FB4-5E5F-4076-B91A-F8C7FE84E37C}.Debug|Any CPU.Build.0 = Debug|Any CPU
		{6F6A3FB4-5E5F-4076-B91A-F8C7FE84E37C}.Release|Any CPU.ActiveCfg = Release|Any CPU
		{6F6A3FB4-5E5F-4076-B91A-F8C7FE84E37C}.Release|Any CPU.Build.0 = Release|Any CPU
	EndGlobalSection
	GlobalSection(SolutionProperties) = preSolution
		HideSolutionNode = FALSE
	EndGlobalSection
	GlobalSection(ExtensibilityGlobals) = postSolution
		SolutionGuid = {B90FC379-B792-427B-AF5C-7CD220368BB9}
	EndGlobalSection
EndGlobal
